
Microsoft Visual Studio Solution File, Format Version 12.00
# Visual Studio Version 16
VisualStudioVersion = 16.0.29102.190
MinimumVisualStudioVersion = 10.0.40219.1
Project("{9A19103F-16F7-4668-BE54-9A1E7A4F7556}") = "Task4_5", "Task4_5\Task4_5.csproj", "{650C427A-8C21-41FB-B0D1-C76AA033972B}"
EndProject
Project("{9A19103F-16F7-4668-BE54-9A1E7A4F7556}") = "Task4_1_2", "Task4_1\Task4_1_2.csproj", "{3C5AF3F1-039D-425C-8EDB-7815BC3067C1}"
EndProject
Project("{FAE04EC0-301F-11D3-BF4B-00C04F79EFBC}") = "Task4_4", "Task4_4\Task4_4.csproj", "{E0651626-8714-4D5C-A03C-CA13A1A6B9DE}"
EndProject
Project("{FAE04EC0-301F-11D3-BF4B-00C04F79EFBC}") = "Task4_3", "Task4_3\Task4_3.csproj", "{449A5788-3268-4A01-9510-9EF0C85C6EE9}"
EndProject
Project("{FAE04EC0-301F-11D3-BF4B-00C04F79EFBC}") = "Task4_6", "Task4_6\Task4_6.csproj", "{CF6DC978-7654-42D9-B751-B1C0D0BC11CF}"
EndProject
Global
	GlobalSection(SolutionConfigurationPlatforms) = preSolution
		Debug|Any CPU = Debug|Any CPU
		Release|Any CPU = Release|Any CPU
	EndGlobalSection
	GlobalSection(ProjectConfigurationPlatforms) = postSolution
		{650C427A-8C21-41FB-B0D1-C76AA033972B}.Debug|Any CPU.ActiveCfg = Debug|Any CPU
		{650C427A-8C21-41FB-B0D1-C76AA033972B}.Debug|Any CPU.Build.0 = Debug|Any CPU
		{650C427A-8C21-41FB-B0D1-C76AA033972B}.Release|Any CPU.ActiveCfg = Release|Any CPU
		{650C427A-8C21-41FB-B0D1-C76AA033972B}.Release|Any CPU.Build.0 = Release|Any CPU
		{3C5AF3F1-039D-425C-8EDB-7815BC3067C1}.Debug|Any CPU.ActiveCfg = Debug|Any CPU
		{3C5AF3F1-039D-425C-8EDB-7815BC3067C1}.Debug|Any CPU.Build.0 = Debug|Any CPU
		{3C5AF3F1-039D-425C-8EDB-7815BC3067C1}.Release|Any CPU.ActiveCfg = Release|Any CPU
		{3C5AF3F1-039D-425C-8EDB-7815BC3067C1}.Release|Any CPU.Build.0 = Release|Any CPU
		{E0651626-8714-4D5C-A03C-CA13A1A6B9DE}.Debug|Any CPU.ActiveCfg = Debug|Any CPU
		{E0651626-8714-4D5C-A03C-CA13A1A6B9DE}.Debug|Any CPU.Build.0 = Debug|Any CPU
		{E0651626-8714-4D5C-A03C-CA13A1A6B9DE}.Release|Any CPU.ActiveCfg = Release|Any CPU
		{E0651626-8714-4D5C-A03C-CA13A1A6B9DE}.Release|Any CPU.Build.0 = Release|Any CPU
		{449A5788-3268-4A01-9510-9EF0C85C6EE9}.Debug|Any CPU.ActiveCfg = Debug|Any CPU
		{449A5788-3268-4A01-9510-9EF0C85C6EE9}.Debug|Any CPU.Build.0 = Debug|Any CPU
		{449A5788-3268-4A01-9510-9EF0C85C6EE9}.Release|Any CPU.ActiveCfg = Release|Any CPU
		{449A5788-3268-4A01-9510-9EF0C85C6EE9}.Release|Any CPU.Build.0 = Release|Any CPU
		{CF6DC978-7654-42D9-B751-B1C0D0BC11CF}.Debug|Any CPU.ActiveCfg = Debug|Any CPU
		{CF6DC978-7654-42D9-B751-B1C0D0BC11CF}.Debug|Any CPU.Build.0 = Debug|Any CPU
		{CF6DC978-7654-42D9-B751-B1C0D0BC11CF}.Release|Any CPU.ActiveCfg = Release|Any CPU
		{CF6DC978-7654-42D9-B751-B1C0D0BC11CF}.Release|Any CPU.Build.0 = Release|Any CPU
	EndGlobalSection
	GlobalSection(SolutionProperties) = preSolution
		HideSolutionNode = FALSE
	EndGlobalSection
	GlobalSection(ExtensibilityGlobals) = postSolution
		SolutionGuid = {89D56C9C-35FC-4B53-9EA4-E5279DE5740E}
	EndGlobalSection
EndGlobal
