
Microsoft Visual Studio Solution File, Format Version 12.00
# Visual Studio Version 16
VisualStudioVersion = 16.0.29209.62
MinimumVisualStudioVersion = 10.0.40219.1
Project("{FAE04EC0-301F-11D3-BF4B-00C04F79EFBC}") = "Task10_1", "Task10_1\Task10_1.csproj", "{14102266-57C6-466E-97D1-15C9C6284610}"
EndProject
Project("{FAE04EC0-301F-11D3-BF4B-00C04F79EFBC}") = "BAL", "BAL\BAL.csproj", "{2097E680-07EC-4ED2-A378-4DB01CB7A5E6}"
EndProject
Project("{FAE04EC0-301F-11D3-BF4B-00C04F79EFBC}") = "DAL", "DAL\DAL.csproj", "{8CF3DD2A-2A1D-48B0-9EA7-8742031CD133}"
EndProject
Project("{FAE04EC0-301F-11D3-BF4B-00C04F79EFBC}") = "Entities", "Entities\Entities.csproj", "{E43ED452-A0E5-4289-AA8C-2CD276780EA3}"
EndProject
Global
	GlobalSection(SolutionConfigurationPlatforms) = preSolution
		Debug|Any CPU = Debug|Any CPU
		Release|Any CPU = Release|Any CPU
	EndGlobalSection
	GlobalSection(ProjectConfigurationPlatforms) = postSolution
		{14102266-57C6-466E-97D1-15C9C6284610}.Debug|Any CPU.ActiveCfg = Debug|Any CPU
		{14102266-57C6-466E-97D1-15C9C6284610}.Debug|Any CPU.Build.0 = Debug|Any CPU
		{14102266-57C6-466E-97D1-15C9C6284610}.Release|Any CPU.ActiveCfg = Release|Any CPU
		{14102266-57C6-466E-97D1-15C9C6284610}.Release|Any CPU.Build.0 = Release|Any CPU
		{2097E680-07EC-4ED2-A378-4DB01CB7A5E6}.Debug|Any CPU.ActiveCfg = Debug|Any CPU
		{2097E680-07EC-4ED2-A378-4DB01CB7A5E6}.Debug|Any CPU.Build.0 = Debug|Any CPU
		{2097E680-07EC-4ED2-A378-4DB01CB7A5E6}.Release|Any CPU.ActiveCfg = Release|Any CPU
		{2097E680-07EC-4ED2-A378-4DB01CB7A5E6}.Release|Any CPU.Build.0 = Release|Any CPU
		{8CF3DD2A-2A1D-48B0-9EA7-8742031CD133}.Debug|Any CPU.ActiveCfg = Debug|Any CPU
		{8CF3DD2A-2A1D-48B0-9EA7-8742031CD133}.Debug|Any CPU.Build.0 = Debug|Any CPU
		{8CF3DD2A-2A1D-48B0-9EA7-8742031CD133}.Release|Any CPU.ActiveCfg = Release|Any CPU
		{8CF3DD2A-2A1D-48B0-9EA7-8742031CD133}.Release|Any CPU.Build.0 = Release|Any CPU
		{E43ED452-A0E5-4289-AA8C-2CD276780EA3}.Debug|Any CPU.ActiveCfg = Debug|Any CPU
		{E43ED452-A0E5-4289-AA8C-2CD276780EA3}.Debug|Any CPU.Build.0 = Debug|Any CPU
		{E43ED452-A0E5-4289-AA8C-2CD276780EA3}.Release|Any CPU.ActiveCfg = Release|Any CPU
		{E43ED452-A0E5-4289-AA8C-2CD276780EA3}.Release|Any CPU.Build.0 = Release|Any CPU
	EndGlobalSection
	GlobalSection(SolutionProperties) = preSolution
		HideSolutionNode = FALSE
	EndGlobalSection
	GlobalSection(ExtensibilityGlobals) = postSolution
		SolutionGuid = {6E1368B9-DA4E-41B4-B16C-A48DA04370A0}
	EndGlobalSection
EndGlobal
