
Microsoft Visual Studio Solution File, Format Version 12.00
# Visual Studio Version 16
VisualStudioVersion = 16.0.29209.62
MinimumVisualStudioVersion = 10.0.40219.1
Project("{FAE04EC0-301F-11D3-BF4B-00C04F79EFBC}") = "Tasks10", "Tasks10\Tasks10.csproj", "{BF8A49ED-9D45-4EFB-8D44-5F7785F3174C}"
EndProject
Project("{FAE04EC0-301F-11D3-BF4B-00C04F79EFBC}") = "BAL", "BAL\BAL.csproj", "{2097E680-07EC-4ED2-A378-4DB01CB7A5E6}"
EndProject
Project("{FAE04EC0-301F-11D3-BF4B-00C04F79EFBC}") = "DAL", "DAL\DAL.csproj", "{8CF3DD2A-2A1D-48B0-9EA7-8742031CD133}"
EndProject
Project("{FAE04EC0-301F-11D3-BF4B-00C04F79EFBC}") = "Entities", "Entities\Entities.csproj", "{E43ED452-A0E5-4289-AA8C-2CD276780EA3}"
EndProject
Global
	GlobalSection(SolutionConfigurationPlatforms) = preSolution
		Debug|Any CPU = Debug|Any CPU
		Release|Any CPU = Release|Any CPU
	EndGlobalSection
	GlobalSection(ProjectConfigurationPlatforms) = postSolution
		{BF8A49ED-9D45-4EFB-8D44-5F7785F3174C}.Debug|Any CPU.ActiveCfg = Debug|Any CPU
		{BF8A49ED-9D45-4EFB-8D44-5F7785F3174C}.Debug|Any CPU.Build.0 = Debug|Any CPU
		{BF8A49ED-9D45-4EFB-8D44-5F7785F3174C}.Release|Any CPU.ActiveCfg = Release|Any CPU
		{BF8A49ED-9D45-4EFB-8D44-5F7785F3174C}.Release|Any CPU.Build.0 = Release|Any CPU
		{2097E680-07EC-4ED2-A378-4DB01CB7A5E6}.Debug|Any CPU.ActiveCfg = Debug|Any CPU
		{2097E680-07EC-4ED2-A378-4DB01CB7A5E6}.Debug|Any CPU.Build.0 = Debug|Any CPU
		{2097E680-07EC-4ED2-A378-4DB01CB7A5E6}.Release|Any CPU.ActiveCfg = Release|Any CPU
		{2097E680-07EC-4ED2-A378-4DB01CB7A5E6}.Release|Any CPU.Build.0 = Release|Any CPU
		{8CF3DD2A-2A1D-48B0-9EA7-8742031CD133}.Debug|Any CPU.ActiveCfg = Debug|Any CPU
		{8CF3DD2A-2A1D-48B0-9EA7-8742031CD133}.Debug|Any CPU.Build.0 = Debug|Any CPU
		{8CF3DD2A-2A1D-48B0-9EA7-8742031CD133}.Release|Any CPU.ActiveCfg = Release|Any CPU
		{8CF3DD2A-2A1D-48B0-9EA7-8742031CD133}.Release|Any CPU.Build.0 = Release|Any CPU
		{E43ED452-A0E5-4289-AA8C-2CD276780EA3}.Debug|Any CPU.ActiveCfg = Debug|Any CPU
		{E43ED452-A0E5-4289-AA8C-2CD276780EA3}.Debug|Any CPU.Build.0 = Debug|Any CPU
		{E43ED452-A0E5-4289-AA8C-2CD276780EA3}.Release|Any CPU.ActiveCfg = Release|Any CPU
		{E43ED452-A0E5-4289-AA8C-2CD276780EA3}.Release|Any CPU.Build.0 = Release|Any CPU
	EndGlobalSection
	GlobalSection(SolutionProperties) = preSolution
		HideSolutionNode = FALSE
	EndGlobalSection
	GlobalSection(ExtensibilityGlobals) = postSolution
		SolutionGuid = {81902E27-1C09-4BD0-AF32-2E54DDB22856}
	EndGlobalSection
EndGlobal
