
Microsoft Visual Studio Solution File, Format Version 12.00
# Visual Studio Version 16
VisualStudioVersion = 16.0.29209.62
MinimumVisualStudioVersion = 10.0.40219.1
Project("{FAE04EC0-301F-11D3-BF4B-00C04F79EFBC}") = "PL", "PL\PL.csproj", "{785D431D-28A4-4234-8E18-085F34394BEF}"
EndProject
Project("{FAE04EC0-301F-11D3-BF4B-00C04F79EFBC}") = "BAL", "BAL\BAL.csproj", "{2097E680-07EC-4ED2-A378-4DB01CB7A5E6}"
EndProject
Project("{FAE04EC0-301F-11D3-BF4B-00C04F79EFBC}") = "DAL", "DAL\DAL.csproj", "{8CF3DD2A-2A1D-48B0-9EA7-8742031CD133}"
EndProject
Project("{FAE04EC0-301F-11D3-BF4B-00C04F79EFBC}") = "Entities", "Entities\Entities.csproj", "{E43ED452-A0E5-4289-AA8C-2CD276780EA3}"
EndProject
Global
	GlobalSection(SolutionConfigurationPlatforms) = preSolution
		Debug|Any CPU = Debug|Any CPU
		Release|Any CPU = Release|Any CPU
	EndGlobalSection
	GlobalSection(ProjectConfigurationPlatforms) = postSolution
		{785D431D-28A4-4234-8E18-085F34394BEF}.Debug|Any CPU.ActiveCfg = Debug|Any CPU
		{785D431D-28A4-4234-8E18-085F34394BEF}.Debug|Any CPU.Build.0 = Debug|Any CPU
		{785D431D-28A4-4234-8E18-085F34394BEF}.Release|Any CPU.ActiveCfg = Release|Any CPU
		{785D431D-28A4-4234-8E18-085F34394BEF}.Release|Any CPU.Build.0 = Release|Any CPU
		{2097E680-07EC-4ED2-A378-4DB01CB7A5E6}.Debug|Any CPU.ActiveCfg = Debug|Any CPU
		{2097E680-07EC-4ED2-A378-4DB01CB7A5E6}.Debug|Any CPU.Build.0 = Debug|Any CPU
		{2097E680-07EC-4ED2-A378-4DB01CB7A5E6}.Release|Any CPU.ActiveCfg = Release|Any CPU
		{2097E680-07EC-4ED2-A378-4DB01CB7A5E6}.Release|Any CPU.Build.0 = Release|Any CPU
		{8CF3DD2A-2A1D-48B0-9EA7-8742031CD133}.Debug|Any CPU.ActiveCfg = Debug|Any CPU
		{8CF3DD2A-2A1D-48B0-9EA7-8742031CD133}.Debug|Any CPU.Build.0 = Debug|Any CPU
		{8CF3DD2A-2A1D-48B0-9EA7-8742031CD133}.Release|Any CPU.ActiveCfg = Release|Any CPU
		{8CF3DD2A-2A1D-48B0-9EA7-8742031CD133}.Release|Any CPU.Build.0 = Release|Any CPU
		{E43ED452-A0E5-4289-AA8C-2CD276780EA3}.Debug|Any CPU.ActiveCfg = Debug|Any CPU
		{E43ED452-A0E5-4289-AA8C-2CD276780EA3}.Debug|Any CPU.Build.0 = Debug|Any CPU
		{E43ED452-A0E5-4289-AA8C-2CD276780EA3}.Release|Any CPU.ActiveCfg = Release|Any CPU
		{E43ED452-A0E5-4289-AA8C-2CD276780EA3}.Release|Any CPU.Build.0 = Release|Any CPU
	EndGlobalSection
	GlobalSection(SolutionProperties) = preSolution
		HideSolutionNode = FALSE
	EndGlobalSection
	GlobalSection(ExtensibilityGlobals) = postSolution
		SolutionGuid = {108938C7-FE48-4662-A73E-B28BCE11357A}
	EndGlobalSection
EndGlobal
