
Microsoft Visual Studio Solution File, Format Version 12.00
# Visual Studio Version 16
VisualStudioVersion = 16.0.29102.190
MinimumVisualStudioVersion = 10.0.40219.1
Project("{FAE04EC0-301F-11D3-BF4B-00C04F79EFBC}") = "Task3_1", "Task3_1\Task3_1.csproj", "{A2D576A2-A619-48DE-AF56-CC1B708C43C9}"
EndProject
Project("{FAE04EC0-301F-11D3-BF4B-00C04F79EFBC}") = "Task3_2", "Task3_2\Task3_2.csproj", "{95BAEE56-4655-4B21-B155-EE0747542D5E}"
EndProject
Project("{FAE04EC0-301F-11D3-BF4B-00C04F79EFBC}") = "Task3_3", "Task3_3\Task3_3.csproj", "{DC382AD9-8585-44A2-9FC2-F380B2E44F94}"
EndProject
Global
	GlobalSection(SolutionConfigurationPlatforms) = preSolution
		Debug|Any CPU = Debug|Any CPU
		Release|Any CPU = Release|Any CPU
	EndGlobalSection
	GlobalSection(ProjectConfigurationPlatforms) = postSolution
		{A2D576A2-A619-48DE-AF56-CC1B708C43C9}.Debug|Any CPU.ActiveCfg = Debug|Any CPU
		{A2D576A2-A619-48DE-AF56-CC1B708C43C9}.Debug|Any CPU.Build.0 = Debug|Any CPU
		{A2D576A2-A619-48DE-AF56-CC1B708C43C9}.Release|Any CPU.ActiveCfg = Release|Any CPU
		{A2D576A2-A619-48DE-AF56-CC1B708C43C9}.Release|Any CPU.Build.0 = Release|Any CPU
		{95BAEE56-4655-4B21-B155-EE0747542D5E}.Debug|Any CPU.ActiveCfg = Debug|Any CPU
		{95BAEE56-4655-4B21-B155-EE0747542D5E}.Debug|Any CPU.Build.0 = Debug|Any CPU
		{95BAEE56-4655-4B21-B155-EE0747542D5E}.Release|Any CPU.ActiveCfg = Release|Any CPU
		{95BAEE56-4655-4B21-B155-EE0747542D5E}.Release|Any CPU.Build.0 = Release|Any CPU
		{DC382AD9-8585-44A2-9FC2-F380B2E44F94}.Debug|Any CPU.ActiveCfg = Debug|Any CPU
		{DC382AD9-8585-44A2-9FC2-F380B2E44F94}.Debug|Any CPU.Build.0 = Debug|Any CPU
		{DC382AD9-8585-44A2-9FC2-F380B2E44F94}.Release|Any CPU.ActiveCfg = Release|Any CPU
		{DC382AD9-8585-44A2-9FC2-F380B2E44F94}.Release|Any CPU.Build.0 = Release|Any CPU
	EndGlobalSection
	GlobalSection(SolutionProperties) = preSolution
		HideSolutionNode = FALSE
	EndGlobalSection
	GlobalSection(ExtensibilityGlobals) = postSolution
		SolutionGuid = {3E8D69D2-FE3C-49A6-AAF6-CFF148713194}
	EndGlobalSection
EndGlobal
